PODS:
  - IQKeyboardManager (6.2.0)
  - JGProgressHUD (2.0.3)
  - Kingfisher (5.1.1)
  - MJRefresh (3.1.15.7)

DEPENDENCIES:
  - IQKeyboardManager
  - JGProgressHUD
  - Kingfisher
  - MJRefresh

SPEC REPOS:
  https://github.com/cocoapods/specs.git:
    - IQKeyboardManager
    - JGProgressHUD
    - Kingfisher
    - MJRefresh

SPEC CHECKSUMS:
  IQKeyboardManager: 6194101620b73af5e67900b8f89707a99de0b804
  JGProgressHUD: 12b20a8f4ffe05258f8635c1ab92816e451f904d
  Kingfisher: 2558186963e5be42d98c5b110ccb3130148b77e4
  MJRefresh: 697f8ec75ebdbe9207767bb682cf0f51b0d8a41f

PODFILE CHECKSUM: 4e61ac30d895be31fa52440e9bb3fa7ebb55f7ca

COCOAPODS: 1.6.0
